github.com/andybalholm/brotli v1.0.2/go.mod h1:loMXtMfwqflxFJPmdbJO0a3KNoPuLBgiu3qAvBg8x/Y=
github.com/andybalholm/brotli v1.0.3/go.mod h1:fO7iG3H7G2nSZ7m0zPUDn85XEX2GTukHGRSepvi9Eig=
github.com/buger/jsonparser v1.1.1 h1:2PnMjfWD7wBILjqQbt530v576A/cAbQvEW9gGIpYMUs=
github.com/buger/jsonparser v1.1.1/go.mod h1:6RYKKt7H4d4+iWqouImQ9R2FZql3VbhNgx27UK13J/0=
github.com/davecgh/go-spew v1.1.0/go.mod h1:J7Y8YcW2NihsgmVo/mv3lAwl/skON4iLHjSsI+c5H38=
github.com/davecgh/go-spew v1.1.1 h1:vj9j/u1bqnvCEfJOwUhtlOARqs3+rkHYY13jYWTU97c=
github.com/davecgh/go-spew v1.1.1/go.mod h1:J7Y8YcW2NihsgmVo/mv3lAwl/skON4iLHjSsI+c5H38=
github.com/getkin/kin-openapi v0.98.0 h1:lIACvCG9cxmFsEywz+LCoVhcZHFLUy+Nv5QSkb43eAE=
github.com/getkin/kin-openapi v0.98.0/go.mod h1:w4lRPHiyOdwGbOkLIyk+P0qCwlu7TXPCHD/64nSXzgE=
github.com/ghodss/yaml v1.0.0 h1:wQHKEahhL6wmXdzwWG11gIVCkOv05bNOh+Rxn0yngAk=
github.com/ghodss/yaml v1.0.0/go.mod h1:4dBDuWmgqj2HViK6kFavaiC9ZROes6MMH2rRYeMEF04=
github.com/go-openapi/jsonpointer v0.19.5 h1:gZr+CIYByUqjcgeLXnQu2gHYQC9o73G2XUeOFYEICuY=
github.com/go-openapi/jsonpointer v0.19.5/go.mod h1:Pl9vOtqEWErmShwVjC8pYs9cog34VGT37dQOVbmoatg=
github.com/go-openapi/swag v0.19.5 h1:lTz6Ys4CmqqCQmZPBlbQENR1/GucA2bzYTE12Pw4tFY=
github.com/go-openapi/swag v0.19.5/go.mod h1:POnQmlKehdgb5mhVOsnJFsivZCEZ/vjK9gh66Z9tfKk=
github.com/golang/protobuf v1.5.0/go.mod h1:FsONVRAS9T7sI+LIUmWTfcYkHO4aIWwzhcaSAoJOfIk=
github.com/golang/snappy v0.0.3/go.mod h1:/XxbfmMg8lxefKM7IXC3fBNl/7bRcc72aCRzEWrmP2Q=
github.com/google/go-cmp v0.5.2/go.mod h1:v8dTdLbMG2kIc/vJvl+f65V22dbkXbowE6jgT/gNBxE=
github.com/google/go-cmp v0.5.5/go.mod h1:v8dTdLbMG2kIc/vJvl+f65V22dbkXbowE6jgT/gNBxE=
github.com/google/go-cmp v0.5.7 h1:81/ik6ipDQS2aGcBfIN5dHDB36BwrStyeAQquSYCV4o=
github.com/google/go-querystring v1.1.0 h1:AnCroh3fv4ZBgVIf1Iwtovgjaw/GiKJo8M8yD/fhyJ8=
github.com/google/go-querystring v1.1.0/go.mod h1:Kcdr2DB4koayq7X8pmAG4sNG59So17icRSOU623lUBU=
github.com/gorilla/mux v1.8.0/go.mod h1:DVbg23sWSpFRCP0SfiEN6jmj59UnW/n46BH5rLB71So=
github.com/grokify/base36 v1.0.5 h1:iUgnt40hrPtn3M2gjU4Darow5ikf8xWXrTuMWTLziCk=
github.com/grokify/base36 v1.0.5/go.mod h1:L+1aaUBGfp5Ctar7KCS5G9uPABo1Ccu1Ct2iQAuhOJ4=
github.com/grokify/gocharts/v2 v2.8.0 h1:58senltw/wiV7+iSypVRMpPyxGGH+6jNbR/gGJWRDUE=
github.com/grokify/gocharts/v2 v2.8.0/go.mod h1:jFJgI1DMXs34aVoHKQtLglpliBCXSGSLStARRS1QI8M=
github.com/grokify/mogo v0.40.10 h1:UJTkFDZmTAr6Iy6hNHr3CrZnPuDIFbZTMig4GolNDq0=
github.com/grokify/mogo v0.40.10/go.mod h1:AGWKEvAttAy54LkiQdP1JDKapI20rgpTVZMFfirkMR0=
github.com/grokify/spectrum v1.12.5 h1:JpArCOr1fbwZWW97+PevNEA15p2lVBaxbQcf0jq6ABI=
github.com/grokify/spectrum v1.12.5/go.mod h1:DDOR5M7FUtn9RAlSNwBEcrRlhmfkmlOXqLVrxNlV6V4=
github.com/huandu/xstrings v1.3.2 h1:L18LIDzqlW6xN2rEkpdV8+oL/IXWJ1APd+vsdYy4Wdw=
github.com/huandu/xstrings v1.3.2/go.mod h1:y5/lhBue+AyNmUVz9RLU9xbLR0o4KIIExikq4ovT0aE=
github.com/invopop/yaml v0.1.0 h1:YW3WGUoJEXYfzWBjn00zIlrw7brGVD0fUKRYDPAPhrc=
github.com/invopop/yaml v0.1.0/go.mod h1:2XuRLgs/ouIrW3XNzuNj7J3Nvu/Dig5MXvbCEdiBN3Q=
github.com/klauspost/compress v1.13.4/go.mod h1:8dP1Hq4DHOhN9w426knH3Rhby4rFm6D8eO+e+Dq5Gzg=
github.com/klauspost/compress v1.13.5/go.mod h1:/3/Vjq9QcHkK5uEr5lBEmyoZ1iFhe47etQ6QUkpK6sk=
github.com/kr/pretty v0.1.0 h1:L/CwN0zerZDmRFUapSPitk6f+Q3+0za1rQkzVuMiMFI=
github.com/kr/pretty v0.1.0/go.mod h1:dAy3ld7l9f0ibDNOQOHHMYYIIbhfbHSm3C4ZsoJORNo=
github.com/kr/pty v1.1.1/go.mod h1:pFQYn66WHrOpPYNljwOMqo10TkYh1fy3cYio2l3bCsQ=
github.com/kr/text v0.1.0 h1:45sCR5RtlFHMR4UwH9sdQ5TC8v0qDQCHnXt+kaKSTVE=
github.com/kr/text v0.1.0/go.mod h1:4Jbv+DJW3UT/LiOwJeYQe1efqtUx/iVham/4vfdArNI=
github.com/mailru/easyjson v0.0.0-20190614124828-94de47d64c63/go.mod h1:C1wdFJiN94OJF2b5HbByQZoLdCWB1Yqtg26g4irojpc=
github.com/mailru/easyjson v0.0.0-20190626092158-b2ccc519800e h1:hB2xlXdHp/pmPZq0y3QnmWAArdw9PqbmotexnWx/FU8=
github.com/mailru/easyjson v0.0.0-20190626092158-b2ccc519800e/go.mod h1:C1wdFJiN94OJF2b5HbByQZoLdCWB1Yqtg26g4irojpc=
github.com/martinlindhe/base36 v1.1.0/go.mod h1:+AtEs8xrBpCeYgSLoY/aJ6Wf37jtBuR0s35750M27+8=
github.com/martinlindhe/base36 v1.1.1 h1:1F1MZ5MGghBXDZ2KJ3QfxmiydlWOGB8HCEtkap5NkVg=
github.com/mattn/go-runewidth v0.0.9 h1:Lm995f3rfxdpd6TSmuVCHVb/QhupuXlYr8sCI/QdE+0=
github.com/mattn/go-runewidth v0.0.9/go.mod h1:H031xJmbD/WCDINGzjvQ9THkh0rPKHF+m2gUSrubnMI=
github.com/mohae/deepcopy v0.0.0-20170929034955-c48cc78d4826 h1:RWengNIwukTxcDr9M+97sNutRR1RKhG96O6jWumTTnw=
github.com/mohae/deepcopy v0.0.0-20170929034955-c48cc78d4826/go.mod h1:TaXosZuwdSHYgviHp1DAtfrULt5eUgsSMsZf+YrPgl8=
github.com/olekukonko/tablewriter v0.0.5 h1:P2Ga83D34wi1o9J6Wh1mRuqd4mF/x/lgBS7N7AbDhec=
github.com/olekukonko/tablewriter v0.0.5/go.mod h1:hPp6KlRPjbx+hW8ykQs1w3UBbZlj6HuIJcUGPhkA7kY=
github.com/pmezard/go-difflib v1.0.0 h1:4DBwDE0NGyQoBHbLQYPwSUPoCMWR5BEzIk/f1lZbAQM=
github.com/pmezard/go-difflib v1.0.0/go.mod h1:iKH77koFhYxTK1pcRnkKkqfTogsbg7gZNVY4sRDYZ/4=
github.com/richardlehane/mscfb v1.0.4 h1:WULscsljNPConisD5hR0+OyZjwK46Pfyr6mPu5ZawpM=
github.com/richardlehane/mscfb v1.0.4/go.mod h1:YzVpcZg9czvAuhk9T+a3avCpcFPMUWm7gK3DypaEsUk=
github.com/richardlehane/msoleps v1.0.1 h1:RfrALnSNXzmXLbGct/P2b4xkFz4e8Gmj/0Vj9M9xC1o=
github.com/richardlehane/msoleps v1.0.1/go.mod h1:BWev5JBpU9Ko2WAgmZEuiz4/u3ZYTKbjLycmwiWUfWg=
github.com/stretchr/objx v0.1.0/go.mod h1:HFkY916IF+rwdDfMAkV7OtwuqBVzrE8GR6GFx+wExME=
github.com/stretchr/testify v1.3.0/go.mod h1:M5WIy9Dh21IEIfnGCwXGc5bZfKNJtfHm1UVUgZn+9EI=
github.com/stretchr/testify v1.5.1/go.mod h1:5W2xD1RspED5o8YsWQXVCued0rvSQ+mT+I5cxcmMvtA=
github.com/stretchr/testify v1.7.0 h1:nwc3DEeHmmLAfoZucVR881uASk0Mfjw8xYJ99tb5CcY=
github.com/stretchr/testify v1.7.0/go.mod h1:6Fq8oRcR53rry900zMqJjRRixrwX3KX962/h/Wwjteg=
github.com/valyala/bytebufferpool v1.0.0 h1:GqA5TC/0021Y/b9FG4Oi9Mr3q7XYx6KllzawFIhcdPw=
github.com/valyala/bytebufferpool v1.0.0/go.mod h1:6bBcMArwyJ5K/AmCkWv1jt77kVWyCJ6HpOuEn7z0Csc=
github.com/valyala/fasthttp v1.30.0/go.mod h1:2rsYD01CKFrjjsvFxx75KlEUNpWNBY9JWD3K/7o2Cus=
github.com/valyala/fastjson v1.6.3 h1:tAKFnnwmeMGPbwJ7IwxcTPCNr3uIzoIj3/Fh90ra4xc=
github.com/valyala/fastjson v1.6.3/go.mod h1:CLCAqky6SMuOcxStkYQvblddUtoRxhYMGLrsQns1aXY=
github.com/valyala/quicktemplate v1.7.0 h1:LUPTJmlVcb46OOUY3IeD9DojFpAVbsG+5WFTcjMJzCM=
github.com/valyala/quicktemplate v1.7.0/go.mod h1:sqKJnoaOF88V07vkO+9FL8fb9uZg/VPSJnLYn+LmLk8=
github.com/valyala/tcplisten v1.0.0/go.mod h1:T0xQ8SeCZGxckz9qRXTfG43PvQ/mcWh7FwZEA7Ioqkc=
github.com/xuri/efp v0.0.0-20220407160117-ad0f7a785be8 h1:3X7aE0iLKJ5j+tz58BpvIZkXNV7Yq4jC93Z/rbN2Fxk=
github.com/xuri/efp v0.0.0-20220407160117-ad0f7a785be8/go.mod h1:ybY/Jr0T0GTCnYjKqmdwxyxn2BQf2RcQIIvex5QldPI=
github.com/xuri/excelize/v2 v2.6.0 h1:m/aXAzSAqxgt74Nfd+sNzpzVKhTGl7+S9nbG4A57mF4=
github.com/xuri/excelize/v2 v2.6.0/go.mod h1:Q1YetlHesXEKwGFfeJn7PfEZz2IvHb6wdOeYjBxVcVs=
github.com/xuri/nfp v0.0.0-20220409054826-5e722a1d9e22 h1:OAmKAfT06//esDdpi/DZ8Qsdt4+M5+ltca05dA5bG2M=
github.com/xuri/nfp v0.0.0-20220409054826-5e722a1d9e22/go.mod h1:WwHg+CVyzlv/TX9xqBFXEZAuxOPxn2k1GNHwG41IIUQ=
golang.org/x/crypto v0.0.0-20210513164829-c07d793c2f9a/go.mod h1:P+XmwS30IXTQdn5tA2iutPOUgjI07+tq3H3K9MVA1s8=
golang.org/x/crypto v0.0.0-20220408190544-5352b0902921/go.mod h1:IxCIyHEi3zRg3s0A5j5BB6A9Jmi73HwBIUl50j+osU4=
golang.org/x/crypto v0.0.0-20221012134737-56aed061732a h1:NmSIgad6KjE6VvHciPZuNRTKxGhlPfD6OA87W/PLkqg=
golang.org/x/crypto v0.0.0-20221012134737-56aed061732a/go.mod h1:IxCIyHEi3zRg3s0A5j5BB6A9Jmi73HwBIUl50j+osU4=
golang.org/x/exp v0.0.0-20191002040644-a1355ae1e2c3 h1:n9HxLrNxWWtEb1cA950nuEEj3QnKbtsCJ6KjcgisNUs=
golang.org/x/image v0.0.0-20211028202545-6944b10bf410/go.mod h1:023OzeP/+EPmXeapQh35lcL3II3LrY8Ic+EFFKVhULM=
golang.org/x/image v0.0.0-20221017200508-ffcb3fe7d1bf h1:nq7IoIHc0jQHd2/cn0Oedp7Z9gH80pVTiDd9bF7u+O4=
golang.org/x/net v0.0.0-20210226172049-e18ecbb05110/go.mod h1:m0MpNAwzfU5UDzcl9v0D8zg8gWTRqZa9RBIspLL5mdg=
golang.org/x/net v0.0.0-20210510120150-4163338589ed/go.mod h1:9nx3DQGgdP8bBQD5qxJ1jj9UTztislL4KSBs9R2vV5Y=
golang.org/x/net v0.0.0-20211112202133-69e39bad7dc2/go.mod h1:9nx3DQGgdP8bBQD5qxJ1jj9UTztislL4KSBs9R2vV5Y=
golang.org/x/net v0.0.0-20220407224826-aac1ed45d8e3/go.mod h1:CfG3xpIq0wQ8r1q4Su4UZFWDARRcnwPjda9FqA0JpMk=
golang.org/x/net v0.0.0-20221017152216-f25eb7ecb193 h1:3Moaxt4TfzNcQH6DWvlYKraN1ozhBXQHcgvXjRGeim0=
golang.org/x/net v0.0.0-20221017152216-f25eb7ecb193/go.mod h1:RpDiru2p0u2F0lLpEoqnP2+7xs0ifAuOcJ442g6GU2s=
golang.org/x/sys v0.0.0-20201119102817-f84b799fce68/go.mod h1:h1NjWce9XRLGQEsW7wpKNCjG9DtNlClVuFLEZdDNbEs=
golang.org/x/sys v0.0.0-20210423082822-04245dca01da/go.mod h1:h1NjWce9XRLGQEsW7wpKNCjG9DtNlClVuFLEZdDNbEs=
golang.org/x/sys v0.0.0-20210514084401-e8d321eab015/go.mod h1:oPkhp1MJrh7nUepCBck5+mAzfO9JrbApNNgaTdGDITg=
golang.org/x/sys v0.0.0-20210615035016-665e8c7367d1/go.mod h1:oPkhp1MJrh7nUepCBck5+mAzfO9JrbApNNgaTdGDITg=
golang.org/x/sys v0.0.0-20211216021012-1d35b9e2eb4e/go.mod h1:oPkhp1MJrh7nUepCBck5+mAzfO9JrbApNNgaTdGDITg=
golang.org/x/term v0.0.0-20201126162022-7de9c90e9dd1/go.mod h1:bj7SfCRtBDWHUb9snDiAeCFNEtKQo2Wmx5Cou7ajbmo=
golang.org/x/term v0.0.0-20210927222741-03fcf44c2211/go.mod h1:jbD1KX2456YbFQfuXm/mYQcufACuNUgVhRMnK/tPxf8=
golang.org/x/text v0.3.3/go.mod h1:5Zoc/QRtKVWzQhOtBMvqHzDpF6irO9z98xDceosuGiQ=
golang.org/x/text v0.3.6/go.mod h1:5Zoc/QRtKVWzQhOtBMvqHzDpF6irO9z98xDceosuGiQ=
golang.org/x/text v0.3.7/go.mod h1:u+2+/6zg+i71rQMx5EYifcz6MCKuco9NR6JIITiCfzQ=
golang.org/x/text v0.4.0 h1:BrVqGRd7+k1DiOgtnFvAkoQEWQvBc25ouMJM6429SFg=
golang.org/x/text v0.4.0/go.mod h1:mrYo+phRRbMaCq/xk9113O4dZlRixOauAjOtrjsXDZ8=
golang.org/x/tools v0.0.0-20180917221912-90fa682c2a6e/go.mod h1:n7NCudcB/nEzxVGmLbDWY5pfWTLqBcC2KZ6jyYvM4mQ=
golang.org/x/xerrors v0.0.0-20191204190536-9bdfabe68543 h1:E7g+9GITq07hpfrRu66IVDexMakfv52eLZ2CXBWiKr4=
golang.org/x/xerrors v0.0.0-20191204190536-9bdfabe68543/go.mod h1:I/5z698sn9Ka8TeJc9MKroUUfqBBauWjQqLJ2OPfmY0=
gonum.org/v1/gonum v0.11.0 h1:f1IJhK4Km5tBJmaiJXtk/PkL4cdVX6J+tGiM187uT5E=
gonum.org/v1/gonum v0.11.0/go.mod h1:fSG4YDCxxUZQJ7rKsQrj0gMOg00Il0Z96/qMA4bVQhA=
google.golang.org/protobuf v1.26.0-rc.1/go.mod h1:jlhhOSvTdKEhbULTjvd4ARK9grFBp09yW+WbY/TyQbw=
google.golang.org/protobuf v1.28.1 h1:d0NfwRgPtno5B1Wa6L2DAG+KivqkdutMf1UhdNx175w=
google.golang.org/protobuf v1.28.1/go.mod h1:HV8QOd/L58Z+nl8r43ehVNZIU/HEI6OcFqwMG9pJV4I=
gopkg.in/check.v1 v0.0.0-20161208181325-20d25e280405/go.mod h1:Co6ibVJAznAaIkqp8huTwlJQCZ016jof/cbN4VW5Yz0=
gopkg.in/check.v1 v1.0.0-20180628173108-788fd7840127 h1:qIbj1fsPNlZgppZ+VLlY7N33q108Sa+fhmuc+sWQYwY=
gopkg.in/check.v1 v1.0.0-20180628173108-788fd7840127/go.mod h1:Co6ibVJAznAaIkqp8huTwlJQCZ016jof/cbN4VW5Yz0=
gopkg.in/yaml.v2 v2.2.2/go.mod h1:hI93XBmqTisBFMUTm0b8Fm+jr3Dg1NNxqwp+5A1VGuI=
gopkg.in/yaml.v2 v2.4.0 h1:D8xgwECY7CYvx+Y2n4sBz93Jn9JRvxdiyyo8CTfuKaY=
gopkg.in/yaml.v2 v2.4.0/go.mod h1:RDklbk79AGWmwhnvt/jBztapEOGDOx6ZbXqjP6csGnQ=
gopkg.in/yaml.v3 v3.0.0-20200313102051-9f266ea9e77c/go.mod h1:K4uyk7z7BCEPqu6E+C64Yfv1cQ7kz7rIZviUmN+EgEM=
gopkg.in/yaml.v3 v3.0.0/go.mod h1:K4uyk7z7BCEPqu6E+C64Yfv1cQ7kz7rIZviUmN+EgEM=
gopkg.in/yaml.v3 v3.0.1 h1:fxVm/GzAzEWqLHuvctI91KS9hhNmmWOoWu0XTYJS7CA=
gopkg.in/yaml.v3 v3.0.1/go.mod h1:K4uyk7z7BCEPqu6E+C64Yfv1cQ7kz7rIZviUmN+EgEM=
